lockfileVersion: '6.0'

settings:
  autoInstallPeers: true
  excludeLinksFromLockfile: false

dependencies:
  '@prisma/client':
    specifier: ^5.3.1
    version: 5.3.1(prisma@5.3.1)
  moment:
    specifier: ^2.29.4
    version: 2.29.4
  node-fetch:
    specifier: ^3.3.2
    version: 3.3.2
  rrule:
    specifier: ^2.7.2
    version: 2.7.2

devDependencies:
  '@types/node':
    specifier: ^20.6.0
    version: 20.7.2
  prisma:
    specifier: ^5.3.1
    version: 5.3.1
  typescript:
    specifier: ^5.2.2
    version: 5.2.2

packages:

  /@prisma/client@5.3.1(prisma@5.3.1):
    resolution: {integrity: sha512-ArOKjHwdFZIe1cGU56oIfy7wRuTn0FfZjGuU/AjgEBOQh+4rDkB6nF+AGHP8KaVpkBIiHGPQh3IpwQ3xDMdO0Q==}
    engines: {node: '>=16.13'}
    requiresBuild: true
    peerDependencies:
      prisma: '*'
    peerDependenciesMeta:
      prisma:
        optional: true
    dependencies:
      '@prisma/engines-version': 5.3.1-2.61e140623197a131c2a6189271ffee05a7aa9a59
      prisma: 5.3.1
    dev: false

  /@prisma/engines-version@5.3.1-2.61e140623197a131c2a6189271ffee05a7aa9a59:
    resolution: {integrity: sha512-y5qbUi3ql2Xg7XraqcXEdMHh0MocBfnBzDn5GbV1xk23S3Mq8MGs+VjacTNiBh3dtEdUERCrUUG7Z3QaJ+h79w==}
    dev: false

  /@prisma/engines@5.3.1:
    resolution: {integrity: sha512-6QkILNyfeeN67BNEPEtkgh3Xo2tm6D7V+UhrkBbRHqKw9CTaz/vvTP/ROwYSP/3JT2MtIutZm/EnhxUiuOPVDA==}
    requiresBuild: true

  /@types/node@20.7.2:
    resolution: {integrity: sha512-RcdC3hOBOauLP+r/kRt27NrByYtDjsXyAuSbR87O6xpsvi763WI+5fbSIvYJrXnt9w4RuxhV6eAXfIs7aaf/FQ==}
    dev: true

  /data-uri-to-buffer@4.0.1:
    resolution: {integrity: sha512-0R9ikRb668HB7QDxT1vkpuUBtqc53YyAwMwGeUFKRojY/NWKvdZ+9UYtRfGmhqNbRkTSVpMbmyhXipFFv2cb/A==}
    engines: {node: '>= 12'}
    dev: false

  /fetch-blob@3.2.0:
    resolution: {integrity: sha512-7yAQpD2UMJzLi1Dqv7qFYnPbaPx7ZfFK6PiIxQ4PfkGPyNyl2Ugx+a/umUonmKqjhM4DnfbMvdX6otXq83soQQ==}
    engines: {node: ^12.20 || >= 14.13}
    dependencies:
      node-domexception: 1.0.0
      web-streams-polyfill: 3.2.1
    dev: false

  /formdata-polyfill@4.0.10:
    resolution: {integrity: sha512-buewHzMvYL29jdeQTVILecSaZKnt/RJWjoZCF5OW60Z67/GmSLBkOFM7qh1PI3zFNtJbaZL5eQu1vLfazOwj4g==}
    engines: {node: '>=12.20.0'}
    dependencies:
      fetch-blob: 3.2.0
    dev: false

  /moment@2.29.4:
    resolution: {integrity: sha512-5LC9SOxjSc2HF6vO2CyuTDNivEdoz2IvyJJGj6X8DJ0eFyfszE0QiEd+iXmBvUP3WHxSjFH/vIsA0EN00cgr8w==}
    dev: false

  /node-domexception@1.0.0:
    resolution: {integrity: sha512-/jKZoMpw0F8GRwl4/eLROPA3cfcXtLApP0QzLmUT/HuPCZWyB7IY9ZrMeKw2O/nFIqPQB3PVM9aYm0F312AXDQ==}
    engines: {node: '>=10.5.0'}
    dev: false

  /node-fetch@3.3.2:
    resolution: {integrity: sha512-dRB78srN/l6gqWulah9SrxeYnxeddIG30+GOqK/9OlLVyLg3HPnr6SqOWTWOXKRwC2eGYCkZ59NNuSgvSrpgOA==}
    engines: {node: ^12.20.0 || ^14.13.1 || >=16.0.0}
    dependencies:
      data-uri-to-buffer: 4.0.1
      fetch-blob: 3.2.0
      formdata-polyfill: 4.0.10
    dev: false

  /prisma@5.3.1:
    resolution: {integrity: sha512-Wp2msQIlMPHe+5k5Od6xnsI/WNG7UJGgFUJgqv/ygc7kOECZapcSz/iU4NIEzISs3H1W9sFLjAPbg/gOqqtB7A==}
    engines: {node: '>=16.13'}
    hasBin: true
    requiresBuild: true
    dependencies:
      '@prisma/engines': 5.3.1

  /rrule@2.7.2:
    resolution: {integrity: sha512-NkBsEEB6FIZOZ3T8frvEBOB243dm46SPufpDckY/Ap/YH24V1zLeMmDY8OA10lk452NdrF621+ynDThE7FQU2A==}
    dependencies:
      tslib: 2.6.2
    dev: false

  /tslib@2.6.2:
    resolution: {integrity: sha512-AEYxH93jGFPn/a2iVAwW87VuUIkR1FVUKB77NwMF7nBTDkDrrT/Hpt/IrCJ0QXhW27jTBDcf5ZY7w6RiqTMw2Q==}
    dev: false

  /typescript@5.2.2:
    resolution: {integrity: sha512-mI4WrpHsbCIcwT9cF4FZvr80QUeKvsUsUvKDoR+X/7XHQH98xYD8YHZg7ANtz2GtZt/CBq2QJ0thkGJMHfqc1w==}
    engines: {node: '>=14.17'}
    hasBin: true
    dev: true

  /web-streams-polyfill@3.2.1:
    resolution: {integrity: sha512-e0MO3wdXWKrLbL0DgGnUV7WHVuw9OUvL4hjgnPkIeEvESk74gAITi5G606JtZPp39cd8HA9VQzCIvA49LpPN5Q==}
    engines: {node: '>= 8'}
    dev: false
